
Microsoft Visual Studio Solution File, Format Version 12.00
# Visual Studio 14
VisualStudioVersion = 14.0.25420.1
MinimumVisualStudioVersion = 10.0.40219.1
Project("{E24C65DC-7377-472B-9ABA-BC803B73C61A}") = "WebProject", "..\..\..\..\..\..\Documents\Visual Studio 2015\WebSites\WebProject\", "{9FB4C4E1-E7FA-4098-9D0F-76A5F7B5644F}"
	ProjectSection(WebsiteProperties) = preProject
		TargetFrameworkMoniker = ".NETFramework,Version%3Dv4.5.2"
		Debug.AspNetCompiler.VirtualPath = "/localhost_56909"
		Debug.AspNetCompiler.PhysicalPath = "..\..\WebSites\WebProject\"
		Debug.AspNetCompiler.TargetPath = "PrecompiledWeb\localhost_56909\"
		Debug.AspNetCompiler.Updateable = "true"
		Debug.AspNetCompiler.ForceOverwrite = "true"
		Debug.AspNetCompiler.FixedNames = "false"
		Debug.AspNetCompiler.Debug = "True"
		Release.AspNetCompiler.VirtualPath = "/localhost_56909"
		Release.AspNetCompiler.PhysicalPath = "..\..\WebSites\WebProject\"
		Release.AspNetCompiler.TargetPath = "PrecompiledWeb\localhost_56909\"
		Release.AspNetCompiler.Updateable = "true"
		Release.AspNetCompiler.ForceOverwrite = "true"
		Release.AspNetCompiler.FixedNames = "false"
		Release.AspNetCompiler.Debug = "False"
		VWDPort = "56909"
		SlnRelativePath = "..\..\WebSites\WebProject\"
		DefaultWebSiteLanguage = "Visual C#"
	EndProjectSection
EndProject
Global
	GlobalSection(SolutionConfigurationPlatforms) = preSolution
		Debug|Any CPU = Debug|Any CPU
	EndGlobalSection
	GlobalSection(ProjectConfigurationPlatforms) = postSolution
		{9FB4C4E1-E7FA-4098-9D0F-76A5F7B5644F}.Debug|Any CPU.ActiveCfg = Debug|Any CPU
		{9FB4C4E1-E7FA-4098-9D0F-76A5F7B5644F}.Debug|Any CPU.Build.0 = Debug|Any CPU
	EndGlobalSection
	GlobalSection(SolutionProperties) = preSolution
		HideSolutionNode = FALSE
	EndGlobalSection
EndGlobal
